
Microsoft Visual Studio Solution File, Format Version 12.00
Project("{2150E333-8FDC-42A3-9474-1A3956D46DE8}") = "Services", "Services", "{8DF84A89-6DFC-4E16-90EA-6F4807AD7CFA}"
EndProject
Project("{2150E333-8FDC-42A3-9474-1A3956D46DE8}") = "Catalog", "Catalog", "{1D76D2FF-379A-45E4-8E42-B69FADC35D85}"
EndProject
Project("{FAE04EC0-301F-11D3-BF4B-00C04F79EFBC}") = "Catalog.API", "Services\Catalog\Catalog.API\Catalog.API.csproj", "{C3D256D9-1830-433E-AAC9-5434F3D2D34B}"
EndProject
Global
	GlobalSection(SolutionConfigurationPlatforms) = preSolution
		Debug|Any CPU = Debug|Any CPU
		Release|Any CPU = Release|Any CPU
	EndGlobalSection
	GlobalSection(NestedProjects) = preSolution
		{1D76D2FF-379A-45E4-8E42-B69FADC35D85} = {8DF84A89-6DFC-4E16-90EA-6F4807AD7CFA}
		{C3D256D9-1830-433E-AAC9-5434F3D2D34B} = {1D76D2FF-379A-45E4-8E42-B69FADC35D85}
	EndGlobalSection
	GlobalSection(ProjectConfigurationPlatforms) = postSolution
		{C3D256D9-1830-433E-AAC9-5434F3D2D34B}.Debug|Any CPU.ActiveCfg = Debug|Any CPU
		{C3D256D9-1830-433E-AAC9-5434F3D2D34B}.Debug|Any CPU.Build.0 = Debug|Any CPU
		{C3D256D9-1830-433E-AAC9-5434F3D2D34B}.Release|Any CPU.ActiveCfg = Release|Any CPU
		{C3D256D9-1830-433E-AAC9-5434F3D2D34B}.Release|Any CPU.Build.0 = Release|Any CPU
	EndGlobalSection
EndGlobal
